
Microsoft Visual Studio Solution File, Format Version 12.00
# Visual Studio Version 16
VisualStudioVersion = 16.0.31624.102
MinimumVisualStudioVersion = 10.0.40219.1
Project("{FAE04EC0-301F-11D3-BF4B-00C04F79EFBC}") = "Cap8_Cap9", "Cap8_Cap9.csproj", "{F84FE261-D520-4539-81C6-E9CFF51B1B58}"
EndProject
Global
	GlobalSection(SolutionConfigurationPlatforms) = preSolution
		Debug|Any CPU = Debug|Any CPU
		Release|Any CPU = Release|Any CPU
	EndGlobalSection
	GlobalSection(ProjectConfigurationPlatforms) = postSolution
		{F84FE261-D520-4539-81C6-E9CFF51B1B58}.Debug|Any CPU.ActiveCfg = Debug|Any CPU
		{F84FE261-D520-4539-81C6-E9CFF51B1B58}.Debug|Any CPU.Build.0 = Debug|Any CPU
		{F84FE261-D520-4539-81C6-E9CFF51B1B58}.Release|Any CPU.ActiveCfg = Release|Any CPU
		{F84FE261-D520-4539-81C6-E9CFF51B1B58}.Release|Any CPU.Build.0 = Release|Any CPU
	EndGlobalSection
	GlobalSection(SolutionProperties) = preSolution
		HideSolutionNode = FALSE
	EndGlobalSection
	GlobalSection(ExtensibilityGlobals) = postSolution
		SolutionGuid = {F1FC75EB-CA96-4692-AF8E-B06EF6AD7E07}
	EndGlobalSection
EndGlobal
